
Microsoft Visual Studio Solution File, Format Version 12.00
# Visual Studio Version 17
VisualStudioVersion = 17.8.34408.163
MinimumVisualStudioVersion = 10.0.40219.1
Project("{FAE04EC0-301F-11D3-BF4B-00C04F79EFBC}") = "Stock.API", "Stock.API\Stock.API.csproj", "{589E1646-B529-4DEC-9C5A-E791DD3BE3C2}"
EndProject
Project("{FAE04EC0-301F-11D3-BF4B-00C04F79EFBC}") = "Order.API", "Order.API\Order.API.csproj", "{FA6A1389-DFDD-4C7C-B8F9-B28C3F496594}"
EndProject
Project("{FAE04EC0-301F-11D3-BF4B-00C04F79EFBC}") = "Shared", "Shared\Shared.csproj", "{FFBAE132-74D7-43DE-9461-208439C98AD5}"
EndProject
Global
	GlobalSection(SolutionConfigurationPlatforms) = preSolution
		Debug|Any CPU = Debug|Any CPU
		Release|Any CPU = Release|Any CPU
	EndGlobalSection
	GlobalSection(ProjectConfigurationPlatforms) = postSolution
		{589E1646-B529-4DEC-9C5A-E791DD3BE3C2}.Debug|Any CPU.ActiveCfg = Debug|Any CPU
		{589E1646-B529-4DEC-9C5A-E791DD3BE3C2}.Debug|Any CPU.Build.0 = Debug|Any CPU
		{589E1646-B529-4DEC-9C5A-E791DD3BE3C2}.Release|Any CPU.ActiveCfg = Release|Any CPU
		{589E1646-B529-4DEC-9C5A-E791DD3BE3C2}.Release|Any CPU.Build.0 = Release|Any CPU
		{FA6A1389-DFDD-4C7C-B8F9-B28C3F496594}.Debug|Any CPU.ActiveCfg = Debug|Any CPU
		{FA6A1389-DFDD-4C7C-B8F9-B28C3F496594}.Debug|Any CPU.Build.0 = Debug|Any CPU
		{FA6A1389-DFDD-4C7C-B8F9-B28C3F496594}.Release|Any CPU.ActiveCfg = Release|Any CPU
		{FA6A1389-DFDD-4C7C-B8F9-B28C3F496594}.Release|Any CPU.Build.0 = Release|Any CPU
		{FFBAE132-74D7-43DE-9461-208439C98AD5}.Debug|Any CPU.ActiveCfg = Debug|Any CPU
		{FFBAE132-74D7-43DE-9461-208439C98AD5}.Debug|Any CPU.Build.0 = Debug|Any CPU
		{FFBAE132-74D7-43DE-9461-208439C98AD5}.Release|Any CPU.ActiveCfg = Release|Any CPU
		{FFBAE132-74D7-43DE-9461-208439C98AD5}.Release|Any CPU.Build.0 = Release|Any CPU
	EndGlobalSection
	GlobalSection(SolutionProperties) = preSolution
		HideSolutionNode = FALSE
	EndGlobalSection
	GlobalSection(ExtensibilityGlobals) = postSolution
		SolutionGuid = {C94216D3-03C8-4AFA-A94B-8FF62AD6D2EE}
	EndGlobalSection
EndGlobal
